
Microsoft Visual Studio Solution File, Format Version 12.00
# Visual Studio Version 17
VisualStudioVersion = 17.7.34302.85
MinimumVisualStudioVersion = 10.0.40219.1
Project("{8BC9CEB8-8B4A-11D0-8D11-00A0C91BC942}") = "Di2DVisualDebugger", "Di2DVisualDebugger.vcxproj", "{31C0A9A3-8AAF-4A8C-AE5D-17884F1D5A9C}"
EndProject
Global
	GlobalSection(SolutionConfigurationPlatforms) = preSolution
		Debug|x64 = Debug|x64
		Debug|x86 = Debug|x86
		Release|x64 = Release|x64
		Release|x86 = Release|x86
	EndGlobalSection
	GlobalSection(ProjectConfigurationPlatforms) = postSolution
		{31C0A9A3-8AAF-4A8C-AE5D-17884F1D5A9C}.Debug|x64.ActiveCfg = Debug|x64
		{31C0A9A3-8AAF-4A8C-AE5D-17884F1D5A9C}.Debug|x64.Build.0 = Debug|x64
		{31C0A9A3-8AAF-4A8C-AE5D-17884F1D5A9C}.Debug|x86.ActiveCfg = Debug|Win32
		{31C0A9A3-8AAF-4A8C-AE5D-17884F1D5A9C}.Debug|x86.Build.0 = Debug|Win32
		{31C0A9A3-8AAF-4A8C-AE5D-17884F1D5A9C}.Release|x64.ActiveCfg = Release|x64
		{31C0A9A3-8AAF-4A8C-AE5D-17884F1D5A9C}.Release|x64.Build.0 = Release|x64
		{31C0A9A3-8AAF-4A8C-AE5D-17884F1D5A9C}.Release|x86.ActiveCfg = Release|Win32
		{31C0A9A3-8AAF-4A8C-AE5D-17884F1D5A9C}.Release|x86.Build.0 = Release|Win32
	EndGlobalSection
	GlobalSection(SolutionProperties) = preSolution
		HideSolutionNode = FALSE
	EndGlobalSection
	GlobalSection(ExtensibilityGlobals) = postSolution
		SolutionGuid = {E9D8298D-DF40-4E01-B99B-079BD4AB2A99}
	EndGlobalSection
EndGlobal
